
Microsoft Visual Studio Solution File, Format Version 12.00
# Visual Studio Version 16
VisualStudioVersion = 16.0.28803.452
MinimumVisualStudioVersion = 10.0.40219.1
Project("{8BC9CEB8-8B4A-11D0-8D11-00A0C91BC942}") = "LPR", "LPR\LPR.vcxproj", "{0E9D7E10-73FE-407E-A04E-0C587EC59DF2}"
EndProject
Global
	GlobalSection(SolutionConfigurationPlatforms) = preSolution
		Debug|x64 = Debug|x64
		Debug|x86 = Debug|x86
		Release|x64 = Release|x64
		Release|x86 = Release|x86
	EndGlobalSection
	GlobalSection(ProjectConfigurationPlatforms) = postSolution
		{0E9D7E10-73FE-407E-A04E-0C587EC59DF2}.Debug|x64.ActiveCfg = Debug|x64
		{0E9D7E10-73FE-407E-A04E-0C587EC59DF2}.Debug|x64.Build.0 = Debug|x64
		{0E9D7E10-73FE-407E-A04E-0C587EC59DF2}.Debug|x86.ActiveCfg = Debug|Win32
		{0E9D7E10-73FE-407E-A04E-0C587EC59DF2}.Debug|x86.Build.0 = Debug|Win32
		{0E9D7E10-73FE-407E-A04E-0C587EC59DF2}.Release|x64.ActiveCfg = Release|x64
		{0E9D7E10-73FE-407E-A04E-0C587EC59DF2}.Release|x64.Build.0 = Release|x64
		{0E9D7E10-73FE-407E-A04E-0C587EC59DF2}.Release|x86.ActiveCfg = Release|Win32
		{0E9D7E10-73FE-407E-A04E-0C587EC59DF2}.Release|x86.Build.0 = Release|Win32
	EndGlobalSection
	GlobalSection(SolutionProperties) = preSolution
		HideSolutionNode = FALSE
	EndGlobalSection
	GlobalSection(ExtensibilityGlobals) = postSolution
		SolutionGuid = {412A13D0-1690-47F8-A7B4-7FE8FB9A3984}
	EndGlobalSection
EndGlobal
